
Microsoft Visual Studio Solution File, Format Version 12.00
# Visual Studio 15
VisualStudioVersion = 15.0.28307.572
MinimumVisualStudioVersion = 10.0.40219.1
Project("{FAE04EC0-301F-11D3-BF4B-00C04F79EFBC}") = "Xamls.Android", "Xamls\Xamls.Android\Xamls.Android.csproj", "{24CE3C36-16B9-426D-AA0C-5961ECF8D88C}"
EndProject
Project("{FAE04EC0-301F-11D3-BF4B-00C04F79EFBC}") = "Xamls.iOS", "Xamls\Xamls.iOS\Xamls.iOS.csproj", "{E93BA576-085B-47D3-8693-6BF50751BBFC}"
EndProject
Project("{FAE04EC0-301F-11D3-BF4B-00C04F79EFBC}") = "Xamls", "Xamls\Xamls\Xamls.csproj", "{0AA1523B-229C-44F2-94D6-96352DD269A1}"
EndProject
Global
	GlobalSection(SolutionConfigurationPlatforms) = preSolution
		Debug|Any CPU = Debug|Any CPU
		Debug|iPhone = Debug|iPhone
		Debug|iPhoneSimulator = Debug|iPhoneSimulator
		Release|Any CPU = Release|Any CPU
		Release|iPhone = Release|iPhone
		Release|iPhoneSimulator = Release|iPhoneSimulator
	EndGlobalSection
	GlobalSection(ProjectConfigurationPlatforms) = postSolution
		{24CE3C36-16B9-426D-AA0C-5961ECF8D88C}.Debug|Any CPU.ActiveCfg = Debug|Any CPU
		{24CE3C36-16B9-426D-AA0C-5961ECF8D88C}.Debug|Any CPU.Build.0 = Debug|Any CPU
		{24CE3C36-16B9-426D-AA0C-5961ECF8D88C}.Debug|Any CPU.Deploy.0 = Debug|Any CPU
		{24CE3C36-16B9-426D-AA0C-5961ECF8D88C}.Debug|iPhone.ActiveCfg = Debug|Any CPU
		{24CE3C36-16B9-426D-AA0C-5961ECF8D88C}.Debug|iPhone.Build.0 = Debug|Any CPU
		{24CE3C36-16B9-426D-AA0C-5961ECF8D88C}.Debug|iPhone.Deploy.0 = Debug|Any CPU
		{24CE3C36-16B9-426D-AA0C-5961ECF8D88C}.Debug|iPhoneSimulator.ActiveCfg = Debug|Any CPU
		{24CE3C36-16B9-426D-AA0C-5961ECF8D88C}.Debug|iPhoneSimulator.Build.0 = Debug|Any CPU
		{24CE3C36-16B9-426D-AA0C-5961ECF8D88C}.Debug|iPhoneSimulator.Deploy.0 = Debug|Any CPU
		{24CE3C36-16B9-426D-AA0C-5961ECF8D88C}.Release|Any CPU.ActiveCfg = Release|Any CPU
		{24CE3C36-16B9-426D-AA0C-5961ECF8D88C}.Release|Any CPU.Build.0 = Release|Any CPU
		{24CE3C36-16B9-426D-AA0C-5961ECF8D88C}.Release|Any CPU.Deploy.0 = Release|Any CPU
		{24CE3C36-16B9-426D-AA0C-5961ECF8D88C}.Release|iPhone.ActiveCfg = Release|Any CPU
		{24CE3C36-16B9-426D-AA0C-5961ECF8D88C}.Release|iPhone.Build.0 = Release|Any CPU
		{24CE3C36-16B9-426D-AA0C-5961ECF8D88C}.Release|iPhone.Deploy.0 = Release|Any CPU
		{24CE3C36-16B9-426D-AA0C-5961ECF8D88C}.Release|iPhoneSimulator.ActiveCfg = Release|Any CPU
		{24CE3C36-16B9-426D-AA0C-5961ECF8D88C}.Release|iPhoneSimulator.Build.0 = Release|Any CPU
		{24CE3C36-16B9-426D-AA0C-5961ECF8D88C}.Release|iPhoneSimulator.Deploy.0 = Release|Any CPU
		{E93BA576-085B-47D3-8693-6BF50751BBFC}.Debug|Any CPU.ActiveCfg = Debug|iPhoneSimulator
		{E93BA576-085B-47D3-8693-6BF50751BBFC}.Debug|Any CPU.Build.0 = Debug|iPhoneSimulator
		{E93BA576-085B-47D3-8693-6BF50751BBFC}.Debug|Any CPU.Deploy.0 = Debug|iPhoneSimulator
		{E93BA576-085B-47D3-8693-6BF50751BBFC}.Debug|iPhone.ActiveCfg = Debug|iPhone
		{E93BA576-085B-47D3-8693-6BF50751BBFC}.Debug|iPhone.Build.0 = Debug|iPhone
		{E93BA576-085B-47D3-8693-6BF50751BBFC}.Debug|iPhone.Deploy.0 = Debug|iPhone
		{E93BA576-085B-47D3-8693-6BF50751BBFC}.Debug|iPhoneSimulator.ActiveCfg = Debug|iPhoneSimulator
		{E93BA576-085B-47D3-8693-6BF50751BBFC}.Debug|iPhoneSimulator.Build.0 = Debug|iPhoneSimulator
		{E93BA576-085B-47D3-8693-6BF50751BBFC}.Debug|iPhoneSimulator.Deploy.0 = Debug|iPhoneSimulator
		{E93BA576-085B-47D3-8693-6BF50751BBFC}.Release|Any CPU.ActiveCfg = Release|iPhone
		{E93BA576-085B-47D3-8693-6BF50751BBFC}.Release|Any CPU.Build.0 = Release|iPhone
		{E93BA576-085B-47D3-8693-6BF50751BBFC}.Release|Any CPU.Deploy.0 = Release|iPhone
		{E93BA576-085B-47D3-8693-6BF50751BBFC}.Release|iPhone.ActiveCfg = Release|iPhone
		{E93BA576-085B-47D3-8693-6BF50751BBFC}.Release|iPhone.Build.0 = Release|iPhone
		{E93BA576-085B-47D3-8693-6BF50751BBFC}.Release|iPhone.Deploy.0 = Release|iPhone
		{E93BA576-085B-47D3-8693-6BF50751BBFC}.Release|iPhoneSimulator.ActiveCfg = Release|iPhoneSimulator
		{E93BA576-085B-47D3-8693-6BF50751BBFC}.Release|iPhoneSimulator.Build.0 = Release|iPhoneSimulator
		{E93BA576-085B-47D3-8693-6BF50751BBFC}.Release|iPhoneSimulator.Deploy.0 = Release|iPhoneSimulator
		{0AA1523B-229C-44F2-94D6-96352DD269A1}.Debug|Any CPU.ActiveCfg = Debug|Any CPU
		{0AA1523B-229C-44F2-94D6-96352DD269A1}.Debug|Any CPU.Build.0 = Debug|Any CPU
		{0AA1523B-229C-44F2-94D6-96352DD269A1}.Debug|Any CPU.Deploy.0 = Debug|Any CPU
		{0AA1523B-229C-44F2-94D6-96352DD269A1}.Debug|iPhone.ActiveCfg = Debug|Any CPU
		{0AA1523B-229C-44F2-94D6-96352DD269A1}.Debug|iPhone.Build.0 = Debug|Any CPU
		{0AA1523B-229C-44F2-94D6-96352DD269A1}.Debug|iPhone.Deploy.0 = Debug|Any CPU
		{0AA1523B-229C-44F2-94D6-96352DD269A1}.Debug|iPhoneSimulator.ActiveCfg = Debug|Any CPU
		{0AA1523B-229C-44F2-94D6-96352DD269A1}.Debug|iPhoneSimulator.Build.0 = Debug|Any CPU
		{0AA1523B-229C-44F2-94D6-96352DD269A1}.Debug|iPhoneSimulator.Deploy.0 = Debug|Any CPU
		{0AA1523B-229C-44F2-94D6-96352DD269A1}.Release|Any CPU.ActiveCfg = Release|Any CPU
		{0AA1523B-229C-44F2-94D6-96352DD269A1}.Release|Any CPU.Build.0 = Release|Any CPU
		{0AA1523B-229C-44F2-94D6-96352DD269A1}.Release|Any CPU.Deploy.0 = Release|Any CPU
		{0AA1523B-229C-44F2-94D6-96352DD269A1}.Release|iPhone.ActiveCfg = Release|Any CPU
		{0AA1523B-229C-44F2-94D6-96352DD269A1}.Release|iPhone.Build.0 = Release|Any CPU
		{0AA1523B-229C-44F2-94D6-96352DD269A1}.Release|iPhone.Deploy.0 = Release|Any CPU
		{0AA1523B-229C-44F2-94D6-96352DD269A1}.Release|iPhoneSimulator.ActiveCfg = Release|Any CPU
		{0AA1523B-229C-44F2-94D6-96352DD269A1}.Release|iPhoneSimulator.Build.0 = Release|Any CPU
		{0AA1523B-229C-44F2-94D6-96352DD269A1}.Release|iPhoneSimulator.Deploy.0 = Release|Any CPU
	EndGlobalSection
	GlobalSection(SolutionProperties) = preSolution
		HideSolutionNode = FALSE
	EndGlobalSection
	GlobalSection(ExtensibilityGlobals) = postSolution
		SolutionGuid = {CCF602E1-04E4-4D5D-A8D8-4E2862706D7B}
	EndGlobalSection
EndGlobal
